
Microsoft Visual Studio Solution File, Format Version 12.00
# Visual Studio Version 18
VisualStudioVersion = 18.1.11312.151
MinimumVisualStudioVersion = 10.0.40219.1
Project("{FAE04EC0-301F-11D3-BF4B-00C04F79EFBC}") = "FinanceSystem.Presentation", "host\FinanceSystem.Presentation\FinanceSystem.Presentation.csproj", "{AC2E249E-BBC6-49D6-99C6-33E1893AADC4}"
EndProject
Project("{FAE04EC0-301F-11D3-BF4B-00C04F79EFBC}") = "FinanceSystem.Domain", "domain\FinanceSystem.Domain\FinanceSystem.Domain.csproj", "{0B8D41EB-2EB7-4805-9B29-A2536CF16FDD}"
EndProject
Project("{FAE04EC0-301F-11D3-BF4B-00C04F79EFBC}") = "FinanceSystem.Application", "application\FinanceSystem.Application\FinanceSystem.Application.csproj", "{A0AA7151-F9EC-49E5-980D-F1669160B34B}"
EndProject
Project("{2150E333-8FDC-42A3-9474-1A3956D46DE8}") = "src", "src", "{CE42325D-831D-49CA-9A1B-4A1834FD74C5}"
EndProject
Project("{2150E333-8FDC-42A3-9474-1A3956D46DE8}") = "tests", "tests", "{166AD4BF-3521-4170-9772-24ED50617668}"
EndProject
Project("{2150E333-8FDC-42A3-9474-1A3956D46DE8}") = "shared", "shared", "{D6DD89B3-C538-46AE-B85A-85831E9DE3D1}"
EndProject
Project("{2150E333-8FDC-42A3-9474-1A3956D46DE8}") = "Domain", "Domain", "{1EDC1D30-A14A-4E98-A6DA-31BDCE78C1A6}"
EndProject
Project("{2150E333-8FDC-42A3-9474-1A3956D46DE8}") = "Application", "Application", "{1FE3564C-62DF-4E27-A716-44D7DE7B0A6C}"
EndProject
Project("{2150E333-8FDC-42A3-9474-1A3956D46DE8}") = "Interfaces", "Interfaces", "{15AA4EDE-5C49-462D-8ADD-EE4F9C8165FF}"
EndProject
Project("{2150E333-8FDC-42A3-9474-1A3956D46DE8}") = "infrastructures", "infrastructures", "{553C157A-987F-4CD8-97C8-CB2D5DC0660E}"
EndProject
Project("{FAE04EC0-301F-11D3-BF4B-00C04F79EFBC}") = "FinanceSystem.Persistance", "Infrastructure\FinanceSystem.Persistance\FinanceSystem.Persistance.csproj", "{E0E701C9-86A4-4E6D-9666-5B55B2F17F21}"
EndProject
Project("{2150E333-8FDC-42A3-9474-1A3956D46DE8}") = "Hosting", "Hosting", "{7AF64805-1DB4-49F1-A7DF-1CA08987BFD2}"
EndProject
Project("{FAE04EC0-301F-11D3-BF4B-00C04F79EFBC}") = "Shared.Domain", "shared\Shared.Domain\Shared.Domain.csproj", "{CD1B6575-2343-4236-9AC4-9CFABA56C58E}"
EndProject
Project("{FAE04EC0-301F-11D3-BF4B-00C04F79EFBC}") = "Shared.Core", "shared\Shared.Core\Shared.Core.csproj", "{2CCBB26A-8312-4D29-94F6-EDB7BF92E982}"
EndProject
Project("{FAE04EC0-301F-11D3-BF4B-00C04F79EFBC}") = "Shared.Application", "shared\Shared.Application\Shared.Application.csproj", "{8B8084DB-9AFE-4A93-B2A1-CDECC96A3AB9}"
EndProject
Project("{FAE04EC0-301F-11D3-BF4B-00C04F79EFBC}") = "Shared.Serilog", "shared\Shared.Serilog\Shared.Serilog.csproj", "{E901E4A7-8190-4D5A-97C9-10141F828CE1}"
EndProject
Project("{FAE04EC0-301F-11D3-BF4B-00C04F79EFBC}") = "Shared.Bootstrap", "shared\Shared.Bootstrap\Shared.Bootstrap.csproj", "{86B0949A-5EBC-4776-8DD3-F300C9403597}"
EndProject
Project("{FAE04EC0-301F-11D3-BF4B-00C04F79EFBC}") = "Shared.EF", "shared\Shared.EF\Shared.EF.csproj", "{9EA1E9AE-2791-4241-9F64-A6E4CFDCC7EB}"
EndProject
Project("{FAE04EC0-301F-11D3-BF4B-00C04F79EFBC}") = "FinanceSystem.Application.Contracts", "application\FinanceSystem.Application.Contracts\FinanceSystem.Application.Contracts.csproj", "{93E7ECA2-0778-454C-8FEC-EE27FEDEFB7C}"
EndProject
Project("{FAE04EC0-301F-11D3-BF4B-00C04F79EFBC}") = "FinanceSystem.Domain.Contract", "domain\FinanceSystem.Domain.Contract\FinanceSystem.Domain.Contract.csproj", "{52568B21-4165-46DB-BE3A-D9D796F117A5}"
EndProject
Project("{FAE04EC0-301F-11D3-BF4B-00C04F79EFBC}") = "FinanceSystem.Domain.EventHandlers", "domain\FinanceSystem.Domain.EventHandlers\FinanceSystem.Domain.EventHandlers.csproj", "{125A916D-9835-4872-B5F0-73609EDD72A7}"
EndProject
Project("{FAE04EC0-301F-11D3-BF4B-00C04F79EFBC}") = "FinanceSystem.Interface.Contracts", "interface\FinanceSystem.Interface.Contracts\FinanceSystem.Interface.Contracts.csproj", "{E84D57EC-C016-4CEB-AB49-5DB7BA15AF10}"
EndProject
Project("{FAE04EC0-301F-11D3-BF4B-00C04F79EFBC}") = "FinanceSystem.Interface.WriteModel", "interface\FinanceSystem.Interface.WriteModel\FinanceSystem.Interface.WriteModel.csproj", "{7FDCCD9A-2497-4920-85DC-01F5DC1C92C8}"
EndProject
Project("{FAE04EC0-301F-11D3-BF4B-00C04F79EFBC}") = "FinanceSystem.Interface.ReadModel", "interface\FinanceSystem.Interface.ReadModel\FinanceSystem.Interface.ReadModel.csproj", "{6EC76CDE-5DAA-4FCF-B2E9-1ED1605BEAF4}"
EndProject
Project("{FAE04EC0-301F-11D3-BF4B-00C04F79EFBC}") = "FinanceSystem.Core", "Infrastructure\FinanceSystem.Core\FinanceSystem.Core.csproj", "{7D053853-3780-40AD-BDB9-CEFC9E589F12}"
EndProject
Project("{FAE04EC0-301F-11D3-BF4B-00C04F79EFBC}") = "FinanceSystem.Bootstrap", "Infrastructure\FinanceSystem.Bootstrap\FinanceSystem.Bootstrap.csproj", "{F12CDF8A-54A0-4F22-B881-008BDB636751}"
EndProject
Project("{FAE04EC0-301F-11D3-BF4B-00C04F79EFBC}") = "FinanceSystem.Security", "Infrastructure\FinanceSystem.Security\FinanceSystem.Security.csproj", "{5C7EC606-992C-47C0-81EC-61CD6E94B90C}"
EndProject
Project("{FAE04EC0-301F-11D3-BF4B-00C04F79EFBC}") = "Shared.Presentation", "shared\Shared.Presentation\Shared.Presentation.csproj", "{B25A2DEA-45FF-4C82-8B47-25F6C2E1F547}"
EndProject
Project("{FAE04EC0-301F-11D3-BF4B-00C04F79EFBC}") = "Shared.Autofac", "shared\Shared.Autofac\Shared.Autofac.csproj", "{82C8D101-505F-4B6E-B901-FE1F492A44BE}"
EndProject
Project("{FAE04EC0-301F-11D3-BF4B-00C04F79EFBC}") = "FinanceSystem.Application.Tests.Unit", "..\tests\FinanceSystem.Application.Tests.Unit\FinanceSystem.Application.Tests.Unit.csproj", "{F25067B1-39A3-A6B5-2166-47740E2A6BC1}"
EndProject
Project("{FAE04EC0-301F-11D3-BF4B-00C04F79EFBC}") = "FinanceSystem.Domain.Tests.Unit", "..\tests\FinanceSystem.Domain.Tests.Unit\FinanceSystem.Domain.Tests.Unit.csproj", "{D1CBF7F7-AEB0-8B1D-3C04-0D85CB8D37AB}"
EndProject
Project("{FAE04EC0-301F-11D3-BF4B-00C04F79EFBC}") = "FinanceSystem.Architecture.Tests.Unit", "..\tests\FinanceSystem.Architecture.Tests.Unit\FinanceSystem.Architecture.Tests.Unit.csproj", "{6697D178-2FB0-4CE0-95F1-7B0F107AD831}"
EndProject
Global
	GlobalSection(SolutionConfigurationPlatforms) = preSolution
		Debug|Any CPU = Debug|Any CPU
		Release|Any CPU = Release|Any CPU
	EndGlobalSection
	GlobalSection(ProjectConfigurationPlatforms) = postSolution
		{AC2E249E-BBC6-49D6-99C6-33E1893AADC4}.Debug|Any CPU.ActiveCfg = Debug|Any CPU
		{AC2E249E-BBC6-49D6-99C6-33E1893AADC4}.Debug|Any CPU.Build.0 = Debug|Any CPU
		{AC2E249E-BBC6-49D6-99C6-33E1893AADC4}.Release|Any CPU.ActiveCfg = Release|Any CPU
		{AC2E249E-BBC6-49D6-99C6-33E1893AADC4}.Release|Any CPU.Build.0 = Release|Any CPU
		{0B8D41EB-2EB7-4805-9B29-A2536CF16FDD}.Debug|Any CPU.ActiveCfg = Debug|Any CPU
		{0B8D41EB-2EB7-4805-9B29-A2536CF16FDD}.Debug|Any CPU.Build.0 = Debug|Any CPU
		{0B8D41EB-2EB7-4805-9B29-A2536CF16FDD}.Release|Any CPU.ActiveCfg = Release|Any CPU
		{0B8D41EB-2EB7-4805-9B29-A2536CF16FDD}.Release|Any CPU.Build.0 = Release|Any CPU
		{A0AA7151-F9EC-49E5-980D-F1669160B34B}.Debug|Any CPU.ActiveCfg = Debug|Any CPU
		{A0AA7151-F9EC-49E5-980D-F1669160B34B}.Debug|Any CPU.Build.0 = Debug|Any CPU
		{A0AA7151-F9EC-49E5-980D-F1669160B34B}.Release|Any CPU.ActiveCfg = Release|Any CPU
		{A0AA7151-F9EC-49E5-980D-F1669160B34B}.Release|Any CPU.Build.0 = Release|Any CPU
		{E0E701C9-86A4-4E6D-9666-5B55B2F17F21}.Debug|Any CPU.ActiveCfg = Debug|Any CPU
		{E0E701C9-86A4-4E6D-9666-5B55B2F17F21}.Debug|Any CPU.Build.0 = Debug|Any CPU
		{E0E701C9-86A4-4E6D-9666-5B55B2F17F21}.Release|Any CPU.ActiveCfg = Release|Any CPU
		{E0E701C9-86A4-4E6D-9666-5B55B2F17F21}.Release|Any CPU.Build.0 = Release|Any CPU
		{CD1B6575-2343-4236-9AC4-9CFABA56C58E}.Debug|Any CPU.ActiveCfg = Debug|Any CPU
		{CD1B6575-2343-4236-9AC4-9CFABA56C58E}.Debug|Any CPU.Build.0 = Debug|Any CPU
		{CD1B6575-2343-4236-9AC4-9CFABA56C58E}.Release|Any CPU.ActiveCfg = Release|Any CPU
		{CD1B6575-2343-4236-9AC4-9CFABA56C58E}.Release|Any CPU.Build.0 = Release|Any CPU
		{2CCBB26A-8312-4D29-94F6-EDB7BF92E982}.Debug|Any CPU.ActiveCfg = Debug|Any CPU
		{2CCBB26A-8312-4D29-94F6-EDB7BF92E982}.Debug|Any CPU.Build.0 = Debug|Any CPU
		{2CCBB26A-8312-4D29-94F6-EDB7BF92E982}.Release|Any CPU.ActiveCfg = Release|Any CPU
		{2CCBB26A-8312-4D29-94F6-EDB7BF92E982}.Release|Any CPU.Build.0 = Release|Any CPU
		{8B8084DB-9AFE-4A93-B2A1-CDECC96A3AB9}.Debug|Any CPU.ActiveCfg = Debug|Any CPU
		{8B8084DB-9AFE-4A93-B2A1-CDECC96A3AB9}.Debug|Any CPU.Build.0 = Debug|Any CPU
		{8B8084DB-9AFE-4A93-B2A1-CDECC96A3AB9}.Release|Any CPU.ActiveCfg = Release|Any CPU
		{8B8084DB-9AFE-4A93-B2A1-CDECC96A3AB9}.Release|Any CPU.Build.0 = Release|Any CPU
		{E901E4A7-8190-4D5A-97C9-10141F828CE1}.Debug|Any CPU.ActiveCfg = Debug|Any CPU
		{E901E4A7-8190-4D5A-97C9-10141F828CE1}.Debug|Any CPU.Build.0 = Debug|Any CPU
		{E901E4A7-8190-4D5A-97C9-10141F828CE1}.Release|Any CPU.ActiveCfg = Release|Any CPU
		{E901E4A7-8190-4D5A-97C9-10141F828CE1}.Release|Any CPU.Build.0 = Release|Any CPU
		{86B0949A-5EBC-4776-8DD3-F300C9403597}.Debug|Any CPU.ActiveCfg = Debug|Any CPU
		{86B0949A-5EBC-4776-8DD3-F300C9403597}.Debug|Any CPU.Build.0 = Debug|Any CPU
		{86B0949A-5EBC-4776-8DD3-F300C9403597}.Release|Any CPU.ActiveCfg = Release|Any CPU
		{86B0949A-5EBC-4776-8DD3-F300C9403597}.Release|Any CPU.Build.0 = Release|Any CPU
		{9EA1E9AE-2791-4241-9F64-A6E4CFDCC7EB}.Debug|Any CPU.ActiveCfg = Debug|Any CPU
		{9EA1E9AE-2791-4241-9F64-A6E4CFDCC7EB}.Debug|Any CPU.Build.0 = Debug|Any CPU
		{9EA1E9AE-2791-4241-9F64-A6E4CFDCC7EB}.Release|Any CPU.ActiveCfg = Release|Any CPU
		{9EA1E9AE-2791-4241-9F64-A6E4CFDCC7EB}.Release|Any CPU.Build.0 = Release|Any CPU
		{93E7ECA2-0778-454C-8FEC-EE27FEDEFB7C}.Debug|Any CPU.ActiveCfg = Debug|Any CPU
		{93E7ECA2-0778-454C-8FEC-EE27FEDEFB7C}.Debug|Any CPU.Build.0 = Debug|Any CPU
		{93E7ECA2-0778-454C-8FEC-EE27FEDEFB7C}.Release|Any CPU.ActiveCfg = Release|Any CPU
		{93E7ECA2-0778-454C-8FEC-EE27FEDEFB7C}.Release|Any CPU.Build.0 = Release|Any CPU
		{52568B21-4165-46DB-BE3A-D9D796F117A5}.Debug|Any CPU.ActiveCfg = Debug|Any CPU
		{52568B21-4165-46DB-BE3A-D9D796F117A5}.Debug|Any CPU.Build.0 = Debug|Any CPU
		{52568B21-4165-46DB-BE3A-D9D796F117A5}.Release|Any CPU.ActiveCfg = Release|Any CPU
		{52568B21-4165-46DB-BE3A-D9D796F117A5}.Release|Any CPU.Build.0 = Release|Any CPU
		{125A916D-9835-4872-B5F0-73609EDD72A7}.Debug|Any CPU.ActiveCfg = Debug|Any CPU
		{125A916D-9835-4872-B5F0-73609EDD72A7}.Debug|Any CPU.Build.0 = Debug|Any CPU
		{125A916D-9835-4872-B5F0-73609EDD72A7}.Release|Any CPU.ActiveCfg = Release|Any CPU
		{125A916D-9835-4872-B5F0-73609EDD72A7}.Release|Any CPU.Build.0 = Release|Any CPU
		{E84D57EC-C016-4CEB-AB49-5DB7BA15AF10}.Debug|Any CPU.ActiveCfg = Debug|Any CPU
		{E84D57EC-C016-4CEB-AB49-5DB7BA15AF10}.Debug|Any CPU.Build.0 = Debug|Any CPU
		{E84D57EC-C016-4CEB-AB49-5DB7BA15AF10}.Release|Any CPU.ActiveCfg = Release|Any CPU
		{E84D57EC-C016-4CEB-AB49-5DB7BA15AF10}.Release|Any CPU.Build.0 = Release|Any CPU
		{7FDCCD9A-2497-4920-85DC-01F5DC1C92C8}.Debug|Any CPU.ActiveCfg = Debug|Any CPU
		{7FDCCD9A-2497-4920-85DC-01F5DC1C92C8}.Debug|Any CPU.Build.0 = Debug|Any CPU
		{7FDCCD9A-2497-4920-85DC-01F5DC1C92C8}.Release|Any CPU.ActiveCfg = Release|Any CPU
		{7FDCCD9A-2497-4920-85DC-01F5DC1C92C8}.Release|Any CPU.Build.0 = Release|Any CPU
		{6EC76CDE-5DAA-4FCF-B2E9-1ED1605BEAF4}.Debug|Any CPU.ActiveCfg = Debug|Any CPU
		{6EC76CDE-5DAA-4FCF-B2E9-1ED1605BEAF4}.Debug|Any CPU.Build.0 = Debug|Any CPU
		{6EC76CDE-5DAA-4FCF-B2E9-1ED1605BEAF4}.Release|Any CPU.ActiveCfg = Release|Any CPU
		{6EC76CDE-5DAA-4FCF-B2E9-1ED1605BEAF4}.Release|Any CPU.Build.0 = Release|Any CPU
		{7D053853-3780-40AD-BDB9-CEFC9E589F12}.Debug|Any CPU.ActiveCfg = Debug|Any CPU
		{7D053853-3780-40AD-BDB9-CEFC9E589F12}.Debug|Any CPU.Build.0 = Debug|Any CPU
		{7D053853-3780-40AD-BDB9-CEFC9E589F12}.Release|Any CPU.ActiveCfg = Release|Any CPU
		{7D053853-3780-40AD-BDB9-CEFC9E589F12}.Release|Any CPU.Build.0 = Release|Any CPU
		{F12CDF8A-54A0-4F22-B881-008BDB636751}.Debug|Any CPU.ActiveCfg = Debug|Any CPU
		{F12CDF8A-54A0-4F22-B881-008BDB636751}.Debug|Any CPU.Build.0 = Debug|Any CPU
		{F12CDF8A-54A0-4F22-B881-008BDB636751}.Release|Any CPU.ActiveCfg = Release|Any CPU
		{F12CDF8A-54A0-4F22-B881-008BDB636751}.Release|Any CPU.Build.0 = Release|Any CPU
		{5C7EC606-992C-47C0-81EC-61CD6E94B90C}.Debug|Any CPU.ActiveCfg = Debug|Any CPU
		{5C7EC606-992C-47C0-81EC-61CD6E94B90C}.Debug|Any CPU.Build.0 = Debug|Any CPU
		{5C7EC606-992C-47C0-81EC-61CD6E94B90C}.Release|Any CPU.ActiveCfg = Release|Any CPU
		{5C7EC606-992C-47C0-81EC-61CD6E94B90C}.Release|Any CPU.Build.0 = Release|Any CPU
		{B25A2DEA-45FF-4C82-8B47-25F6C2E1F547}.Debug|Any CPU.ActiveCfg = Debug|Any CPU
		{B25A2DEA-45FF-4C82-8B47-25F6C2E1F547}.Debug|Any CPU.Build.0 = Debug|Any CPU
		{B25A2DEA-45FF-4C82-8B47-25F6C2E1F547}.Release|Any CPU.ActiveCfg = Release|Any CPU
		{B25A2DEA-45FF-4C82-8B47-25F6C2E1F547}.Release|Any CPU.Build.0 = Release|Any CPU
		{82C8D101-505F-4B6E-B901-FE1F492A44BE}.Debug|Any CPU.ActiveCfg = Debug|Any CPU
		{82C8D101-505F-4B6E-B901-FE1F492A44BE}.Debug|Any CPU.Build.0 = Debug|Any CPU
		{82C8D101-505F-4B6E-B901-FE1F492A44BE}.Release|Any CPU.ActiveCfg = Release|Any CPU
		{82C8D101-505F-4B6E-B901-FE1F492A44BE}.Release|Any CPU.Build.0 = Release|Any CPU
		{F25067B1-39A3-A6B5-2166-47740E2A6BC1}.Debug|Any CPU.ActiveCfg = Debug|Any CPU
		{F25067B1-39A3-A6B5-2166-47740E2A6BC1}.Debug|Any CPU.Build.0 = Debug|Any CPU
		{F25067B1-39A3-A6B5-2166-47740E2A6BC1}.Release|Any CPU.ActiveCfg = Release|Any CPU
		{F25067B1-39A3-A6B5-2166-47740E2A6BC1}.Release|Any CPU.Build.0 = Release|Any CPU
		{D1CBF7F7-AEB0-8B1D-3C04-0D85CB8D37AB}.Debug|Any CPU.ActiveCfg = Debug|Any CPU
		{D1CBF7F7-AEB0-8B1D-3C04-0D85CB8D37AB}.Debug|Any CPU.Build.0 = Debug|Any CPU
		{D1CBF7F7-AEB0-8B1D-3C04-0D85CB8D37AB}.Release|Any CPU.ActiveCfg = Release|Any CPU
		{D1CBF7F7-AEB0-8B1D-3C04-0D85CB8D37AB}.Release|Any CPU.Build.0 = Release|Any CPU
		{6697D178-2FB0-4CE0-95F1-7B0F107AD831}.Debug|Any CPU.ActiveCfg = Debug|Any CPU
		{6697D178-2FB0-4CE0-95F1-7B0F107AD831}.Debug|Any CPU.Build.0 = Debug|Any CPU
		{6697D178-2FB0-4CE0-95F1-7B0F107AD831}.Release|Any CPU.ActiveCfg = Release|Any CPU
		{6697D178-2FB0-4CE0-95F1-7B0F107AD831}.Release|Any CPU.Build.0 = Release|Any CPU
	EndGlobalSection
	GlobalSection(SolutionProperties) = preSolution
		HideSolutionNode = FALSE
	EndGlobalSection
	GlobalSection(NestedProjects) = preSolution
		{AC2E249E-BBC6-49D6-99C6-33E1893AADC4} = {7AF64805-1DB4-49F1-A7DF-1CA08987BFD2}
		{0B8D41EB-2EB7-4805-9B29-A2536CF16FDD} = {1EDC1D30-A14A-4E98-A6DA-31BDCE78C1A6}
		{A0AA7151-F9EC-49E5-980D-F1669160B34B} = {1FE3564C-62DF-4E27-A716-44D7DE7B0A6C}
		{1EDC1D30-A14A-4E98-A6DA-31BDCE78C1A6} = {CE42325D-831D-49CA-9A1B-4A1834FD74C5}
		{1FE3564C-62DF-4E27-A716-44D7DE7B0A6C} = {CE42325D-831D-49CA-9A1B-4A1834FD74C5}
		{15AA4EDE-5C49-462D-8ADD-EE4F9C8165FF} = {CE42325D-831D-49CA-9A1B-4A1834FD74C5}
		{553C157A-987F-4CD8-97C8-CB2D5DC0660E} = {CE42325D-831D-49CA-9A1B-4A1834FD74C5}
		{E0E701C9-86A4-4E6D-9666-5B55B2F17F21} = {553C157A-987F-4CD8-97C8-CB2D5DC0660E}
		{7AF64805-1DB4-49F1-A7DF-1CA08987BFD2} = {CE42325D-831D-49CA-9A1B-4A1834FD74C5}
		{CD1B6575-2343-4236-9AC4-9CFABA56C58E} = {D6DD89B3-C538-46AE-B85A-85831E9DE3D1}
		{2CCBB26A-8312-4D29-94F6-EDB7BF92E982} = {D6DD89B3-C538-46AE-B85A-85831E9DE3D1}
		{8B8084DB-9AFE-4A93-B2A1-CDECC96A3AB9} = {D6DD89B3-C538-46AE-B85A-85831E9DE3D1}
		{E901E4A7-8190-4D5A-97C9-10141F828CE1} = {D6DD89B3-C538-46AE-B85A-85831E9DE3D1}
		{86B0949A-5EBC-4776-8DD3-F300C9403597} = {D6DD89B3-C538-46AE-B85A-85831E9DE3D1}
		{9EA1E9AE-2791-4241-9F64-A6E4CFDCC7EB} = {D6DD89B3-C538-46AE-B85A-85831E9DE3D1}
		{93E7ECA2-0778-454C-8FEC-EE27FEDEFB7C} = {1FE3564C-62DF-4E27-A716-44D7DE7B0A6C}
		{52568B21-4165-46DB-BE3A-D9D796F117A5} = {1EDC1D30-A14A-4E98-A6DA-31BDCE78C1A6}
		{125A916D-9835-4872-B5F0-73609EDD72A7} = {1EDC1D30-A14A-4E98-A6DA-31BDCE78C1A6}
		{E84D57EC-C016-4CEB-AB49-5DB7BA15AF10} = {15AA4EDE-5C49-462D-8ADD-EE4F9C8165FF}
		{7FDCCD9A-2497-4920-85DC-01F5DC1C92C8} = {15AA4EDE-5C49-462D-8ADD-EE4F9C8165FF}
		{6EC76CDE-5DAA-4FCF-B2E9-1ED1605BEAF4} = {15AA4EDE-5C49-462D-8ADD-EE4F9C8165FF}
		{7D053853-3780-40AD-BDB9-CEFC9E589F12} = {553C157A-987F-4CD8-97C8-CB2D5DC0660E}
		{F12CDF8A-54A0-4F22-B881-008BDB636751} = {553C157A-987F-4CD8-97C8-CB2D5DC0660E}
		{5C7EC606-992C-47C0-81EC-61CD6E94B90C} = {553C157A-987F-4CD8-97C8-CB2D5DC0660E}
		{B25A2DEA-45FF-4C82-8B47-25F6C2E1F547} = {D6DD89B3-C538-46AE-B85A-85831E9DE3D1}
		{82C8D101-505F-4B6E-B901-FE1F492A44BE} = {D6DD89B3-C538-46AE-B85A-85831E9DE3D1}
		{F25067B1-39A3-A6B5-2166-47740E2A6BC1} = {166AD4BF-3521-4170-9772-24ED50617668}
		{D1CBF7F7-AEB0-8B1D-3C04-0D85CB8D37AB} = {166AD4BF-3521-4170-9772-24ED50617668}
		{6697D178-2FB0-4CE0-95F1-7B0F107AD831} = {166AD4BF-3521-4170-9772-24ED50617668}
	EndGlobalSection
	GlobalSection(ExtensibilityGlobals) = postSolution
		SolutionGuid = {CA5DB187-D26B-4EF2-8F12-D7A8D09EC2E7}
	EndGlobalSection
EndGlobal
